lockfileVersion: 5.4

specifiers:
  '@columnapp/schema': 0.0.1-alpha52
  '@types/node': ^18.11.18
  axios: ^1.2.3
  colors: ^1.4.0
  commander: ^10.0.0
  dotenv: ^16.0.3
  enquirer: ^2.3.6
  esbuild: ^0.17.4
  prettier: ^2.8.3
  rimraf: ^4.1.1
  ts-node: ^10.9.1
  tsconfig-paths: ^4.1.2
  typescript: ^4.9.4
  zod: ^3.20.2
  zod-validation-error: ^0.3.0

dependencies:
  '@columnapp/schema': 0.0.1-alpha52_awa2wsr5thmg3i7jqycphctjfq
  axios: 1.2.3
  colors: 1.4.0
  commander: 10.0.0
  dotenv: 16.0.3
  enquirer: 2.3.6
  esbuild: 0.17.4
  zod: 3.20.2
  zod-validation-error: 0.3.0_zod@3.20.2

devDependencies:
  '@types/node': 18.11.18
  prettier: 2.8.3
  rimraf: 4.1.1
  ts-node: 10.9.1_awa2wsr5thmg3i7jqycphctjfq
  tsconfig-paths: 4.1.2
  typescript: 4.9.4

packages:

  /@columnapp/schema/0.0.1-alpha52_awa2wsr5thmg3i7jqycphctjfq:
    resolution: {integrity: sha512-qAoK7bh9XTw5xfOBwE7bX5Tz0PEdHRmz/hFOYCz4+sPJZE3l2n4535eyUKyOszDVMJ2b1q6aOot3/Bi6APDM6w==}
    dependencies:
      ts-node: 10.9.1_awa2wsr5thmg3i7jqycphctjfq
      zod: 3.20.2
      zod-validation-error: 0.3.0_zod@3.20.2
    transitivePeerDependencies:
      - '@swc/core'
      - '@swc/wasm'
      - '@types/node'
      - typescript
    dev: false

  /@cspotcode/source-map-support/0.8.1:
    resolution: {integrity: sha512-IchNf6dN4tHoMFIn/7OE8LWZ19Y6q/67Bmf6vnGREv8RSbBVb9LPJxEcnwrcwX6ixSvaiGoomAUvu4YSxXrVgw==}
    engines: {node: '>=12'}
    dependencies:
      '@jridgewell/trace-mapping': 0.3.9

  /@esbuild/android-arm/0.17.4:
    resolution: {integrity: sha512-R9GCe2xl2XDSc2XbQB63mFiFXHIVkOP+ltIxICKXqUPrFX97z6Z7vONCLQM1pSOLGqfLrGi3B7nbhxmFY/fomg==}
    engines: {node: '>=12'}
    cpu: [arm]
    os: [android]
    requiresBuild: true
    dev: false
    optional: true

  /@esbuild/android-arm64/0.17.4:
    resolution: {integrity: sha512-91VwDrl4EpxBCiG6h2LZZEkuNvVZYJkv2T9gyLG/mhGG1qrM7i5SwUcg/hlSPnL/4hDT0TFcF35/XMGSn0bemg==}
    engines: {node: '>=12'}
    cpu: [arm64]
    os: [android]
    requiresBuild: true
    dev: false
    optional: true

  /@esbuild/android-x64/0.17.4:
    resolution: {integrity: sha512-mGSqhEPL7029XL7QHNPxPs15JVa02hvZvysUcyMP9UXdGFwncl2WU0bqx+Ysgzd+WAbv8rfNa73QveOxAnAM2w==}
    engines: {node: '>=12'}
    cpu: [x64]
    os: [android]
    requiresBuild: true
    dev: false
    optional: true

  /@esbuild/darwin-arm64/0.17.4:
    resolution: {integrity: sha512-tTyJRM9dHvlMPt1KrBFVB5OW1kXOsRNvAPtbzoKazd5RhD5/wKlXk1qR2MpaZRYwf4WDMadt0Pv0GwxB41CVow==}
    engines: {node: '>=12'}
    cpu: [arm64]
    os: [darwin]
    requiresBuild: true
    dev: false
    optional: true

  /@esbuild/darwin-x64/0.17.4:
    resolution: {integrity: sha512-phQuC2Imrb3TjOJwLN8EO50nb2FHe8Ew0OwgZDH1SV6asIPGudnwTQtighDF2EAYlXChLoMJwqjAp4vAaACq6w==}
    engines: {node: '>=12'}
    cpu: [x64]
    os: [darwin]
    requiresBuild: true
    dev: false
    optional: true

  /@esbuild/freebsd-arm64/0.17.4:
    resolution: {integrity: sha512-oH6JUZkocgmjzzYaP5juERLpJQSwazdjZrTPgLRmAU2bzJ688x0vfMB/WTv4r58RiecdHvXOPC46VtsMy/mepg==}
    engines: {node: '>=12'}
    cpu: [arm64]
    os: [freebsd]
    requiresBuild: true
    dev: false
    optional: true

  /@esbuild/freebsd-x64/0.17.4:
    resolution: {integrity: sha512-U4iWGn/9TrAfpAdfd56eO0pRxIgb0a8Wj9jClrhT8hvZnOnS4dfMPW7o4fn15D/KqoiVYHRm43jjBaTt3g/2KA==}
    engines: {node: '>=12'}
    cpu: [x64]
    os: [freebsd]
    requiresBuild: true
    dev: false
    optional: true

  /@esbuild/linux-arm/0.17.4:
    resolution: {integrity: sha512-S2s9xWTGMTa/fG5EyMGDeL0wrWVgOSQcNddJWgu6rG1NCSXJHs76ZP9AsxjB3f2nZow9fWOyApklIgiTGZKhiw==}
    engines: {node: '>=12'}
    cpu: [arm]
    os: [linux]
    requiresBuild: true
    dev: false
    optional: true

  /@esbuild/linux-arm64/0.17.4:
    resolution: {integrity: sha512-UkGfQvYlwOaeYJzZG4cLV0hCASzQZnKNktRXUo3/BMZvdau40AOz9GzmGA063n1piq6VrFFh43apRDQx8hMP2w==}
    engines: {node: '>=12'}
    cpu: [arm64]
    os: [linux]
    requiresBuild: true
    dev: false
    optional: true

  /@esbuild/linux-ia32/0.17.4:
    resolution: {integrity: sha512-3lqFi4VFo/Vwvn77FZXeLd0ctolIJH/uXkH3yNgEk89Eh6D3XXAC9/iTPEzeEpsNE5IqGIsFa5Z0iPeOh25IyA==}
    engines: {node: '>=12'}
    cpu: [ia32]
    os: [linux]
    requiresBuild: true
    dev: false
    optional: true

  /@esbuild/linux-loong64/0.17.4:
    resolution: {integrity: sha512-HqpWZkVslDHIwdQ9D+gk7NuAulgQvRxF9no54ut/M55KEb3mi7sQS3GwpPJzSyzzP0UkjQVN7/tbk88/CaX4EQ==}
    engines: {node: '>=12'}
    cpu: [loong64]
    os: [linux]
    requiresBuild: true
    dev: false
    optional: true

  /@esbuild/linux-mips64el/0.17.4:
    resolution: {integrity: sha512-d/nMCKKh/SVDbqR9ju+b78vOr0tNXtfBjcp5vfHONCCOAL9ad8gN9dC/u+UnH939pz7wO+0u/x9y1MaZcb/lKA==}
    engines: {node: '>=12'}
    cpu: [mips64el]
    os: [linux]
    requiresBuild: true
    dev: false
    optional: true

  /@esbuild/linux-ppc64/0.17.4:
    resolution: {integrity: sha512-lOD9p2dmjZcNiTU+sGe9Nn6G3aYw3k0HBJies1PU0j5IGfp6tdKOQ6mzfACRFCqXjnBuTqK7eTYpwx09O5LLfg==}
    engines: {node: '>=12'}
    cpu: [ppc64]
    os: [linux]
    requiresBuild: true
    dev: false
    optional: true

  /@esbuild/linux-riscv64/0.17.4:
    resolution: {integrity: sha512-mTGnwWwVshAjGsd8rP+K6583cPDgxOunsqqldEYij7T5/ysluMHKqUIT4TJHfrDFadUwrghAL6QjER4FeqQXoA==}
    engines: {node: '>=12'}
    cpu: [riscv64]
    os: [linux]
    requiresBuild: true
    dev: false
    optional: true

  /@esbuild/linux-s390x/0.17.4:
    resolution: {integrity: sha512-AQYuUGp50XM29/N/dehADxvc2bUqDcoqrVuijop1Wv72SyxT6dDB9wjUxuPZm2HwIM876UoNNBMVd+iX/UTKVQ==}
    engines: {node: '>=12'}
    cpu: [s390x]
    os: [linux]
    requiresBuild: true
    dev: false
    optional: true

  /@esbuild/linux-x64/0.17.4:
    resolution: {integrity: sha512-+AsFBwKgQuhV2shfGgA9YloxLDVjXgUEWZum7glR5lLmV94IThu/u2JZGxTgjYby6kyXEx8lKOqP5rTEVBR0Rw==}
    engines: {node: '>=12'}
    cpu: [x64]
    os: [linux]
    requiresBuild: true
    dev: false
    optional: true

  /@esbuild/netbsd-x64/0.17.4:
    resolution: {integrity: sha512-zD1TKYX9553OiLS/qkXPMlWoELYkH/VkzRYNKEU+GwFiqkq0SuxsKnsCg5UCdxN3cqd+1KZ8SS3R+WG/Hxy2jQ==}
    engines: {node: '>=12'}
    cpu: [x64]
    os: [netbsd]
    requiresBuild: true
    dev: false
    optional: true

  /@esbuild/openbsd-x64/0.17.4:
    resolution: {integrity: sha512-PY1NjEsLRhPEFFg1AV0/4Or/gR+q2dOb9s5rXcPuCjyHRzbt8vnHJl3vYj+641TgWZzTFmSUnZbzs1zwTzjeqw==}
    engines: {node: '>=12'}
    cpu: [x64]
    os: [openbsd]
    requiresBuild: true
    dev: false
    optional: true

  /@esbuild/sunos-x64/0.17.4:
    resolution: {integrity: sha512-B3Z7s8QZQW9tKGleMRXvVmwwLPAUoDCHs4WZ2ElVMWiortLJFowU1NjAhXOKjDgC7o9ByeVcwyOlJ+F2r6ZgmQ==}
    engines: {node: '>=12'}
    cpu: [x64]
    os: [sunos]
    requiresBuild: true
    dev: false
    optional: true

  /@esbuild/win32-arm64/0.17.4:
    resolution: {integrity: sha512-0HCu8R3mY/H5V7N6kdlsJkvrT591bO/oRZy8ztF1dhgNU5xD5tAh5bKByT1UjTGjp/VVBsl1PDQ3L18SfvtnBQ==}
    engines: {node: '>=12'}
    cpu: [arm64]
    os: [win32]
    requiresBuild: true
    dev: false
    optional: true

  /@esbuild/win32-ia32/0.17.4:
    resolution: {integrity: sha512-VUjhVDQycse1gLbe06pC/uaA0M+piQXJpdpNdhg8sPmeIZZqu5xPoGWVCmcsOO2gaM2cywuTYTHkXRozo3/Nkg==}
    engines: {node: '>=12'}
    cpu: [ia32]
    os: [win32]
    requiresBuild: true
    dev: false
    optional: true

  /@esbuild/win32-x64/0.17.4:
    resolution: {integrity: sha512-0kLAjs+xN5OjhTt/aUA6t48SfENSCKgGPfExADYTOo/UCn0ivxos9/anUVeSfg+L+2O9xkFxvJXIJfG+Q4sYSg==}
    engines: {node: '>=12'}
    cpu: [x64]
    os: [win32]
    requiresBuild: true
    dev: false
    optional: true

  /@jridgewell/resolve-uri/3.1.0:
    resolution: {integrity: sha512-F2msla3tad+Mfht5cJq7LSXcdudKTWCVYUgw6pLFOOHSTtZlj6SWNYAp+AhuqLmWdBO2X5hPrLcu8cVP8fy28w==}
    engines: {node: '>=6.0.0'}

  /@jridgewell/sourcemap-codec/1.4.14:
    resolution: {integrity: sha512-XPSJHWmi394fuUuzDnGz1wiKqWfo1yXecHQMRf2l6hztTO+nPru658AyDngaBe7isIxEkRsPR3FZh+s7iVa4Uw==}

  /@jridgewell/trace-mapping/0.3.9:
    resolution: {integrity: sha512-3Belt6tdc8bPgAtbcmdtNJlirVoTmEb5e2gC94PnkwEW9jI6CAHUeoG85tjWP5WquqfavoMtMwiG4P926ZKKuQ==}
    dependencies:
      '@jridgewell/resolve-uri': 3.1.0
      '@jridgewell/sourcemap-codec': 1.4.14

  /@tsconfig/node10/1.0.9:
    resolution: {integrity: sha512-jNsYVVxU8v5g43Erja32laIDHXeoNvFEpX33OK4d6hljo3jDhCBDhx5dhCCTMWUojscpAagGiRkBKxpdl9fxqA==}

  /@tsconfig/node12/1.0.11:
    resolution: {integrity: sha512-cqefuRsh12pWyGsIoBKJA9luFu3mRxCA+ORZvA4ktLSzIuCUtWVxGIuXigEwO5/ywWFMZ2QEGKWvkZG1zDMTag==}

  /@tsconfig/node14/1.0.3:
    resolution: {integrity: sha512-ysT8mhdixWK6Hw3i1V2AeRqZ5WfXg1G43mqoYlM2nc6388Fq5jcXyr5mRsqViLx/GJYdoL0bfXD8nmF+Zn/Iow==}

  /@tsconfig/node16/1.0.3:
    resolution: {integrity: sha512-yOlFc+7UtL/89t2ZhjPvvB/DeAr3r+Dq58IgzsFkOAvVC6NMJXmCGjbptdXdR9qsX7pKcTL+s87FtYREi2dEEQ==}

  /@types/node/18.11.18:
    resolution: {integrity: sha512-DHQpWGjyQKSHj3ebjFI/wRKcqQcdR+MoFBygntYOZytCqNfkd2ZC4ARDJ2DQqhjH5p85Nnd3jhUJIXrszFX/JA==}

  /acorn-walk/8.2.0:
    resolution: {integrity: sha512-k+iyHEuPgSw6SbuDpGQM+06HQUa04DZ3o+F6CSzXMvvI5KMvnaEqXe+YVe555R9nn6GPt404fos4wcgpw12SDA==}
    engines: {node: '>=0.4.0'}

  /acorn/8.8.1:
    resolution: {integrity: sha512-7zFpHzhnqYKrkYdUjF1HI1bzd0VygEGX8lFk4k5zVMqHEoES+P+7TKI+EvLO9WVMJ8eekdO0aDEK044xTXwPPA==}
    engines: {node: '>=0.4.0'}
    hasBin: true

  /ansi-colors/4.1.3:
    resolution: {integrity: sha512-/6w/C21Pm1A7aZitlI5Ni/2J6FFQN8i1Cvz3kHABAAbw93v/NlvKdVOqz7CCWz/3iv/JplRSEEZ83XION15ovw==}
    engines: {node: '>=6'}
    dev: false

  /arg/4.1.3:
    resolution: {integrity: sha512-58S9QDqG0Xx27YwPSt9fJxivjYl432YCwfDMfZ+71RAqUrZef7LrKQZ3LHLOwCS4FLNBplP533Zx895SeOCHvA==}

  /asynckit/0.4.0:
    resolution: {integrity: sha512-Oei9OH4tRh0YqU3GxhX79dM/mwVgvbZJaSNaRk+bshkj0S5cfHcgYakreBjrHwatXKbz+IoIdYLxrKim2MjW0Q==}
    dev: false

  /axios/1.2.3:
    resolution: {integrity: sha512-pdDkMYJeuXLZ6Xj/Q5J3Phpe+jbGdsSzlQaFVkMQzRUL05+6+tetX8TV3p4HrU4kzuO9bt+io/yGQxuyxA/xcw==}
    dependencies:
      follow-redirects: 1.15.2
      form-data: 4.0.0
      proxy-from-env: 1.1.0
    transitivePeerDependencies:
      - debug
    dev: false

  /colors/1.4.0:
    resolution: {integrity: sha512-a+UqTh4kgZg/SlGvfbzDHpgRu7AAQOmmqRHJnxhRZICKFUT91brVhNNt58CMWU9PsBbv3PDCZUHbVxuDiH2mtA==}
    engines: {node: '>=0.1.90'}
    dev: false

  /combined-stream/1.0.8:
    resolution: {integrity: sha512-FQN4MRfuJeHf7cBbBMJFXhKSDq+2kAArBlmRBvcvFE5BB1HZKXtSFASDhdlz9zOYwxh8lDdnvmMOe/+5cdoEdg==}
    engines: {node: '>= 0.8'}
    dependencies:
      delayed-stream: 1.0.0
    dev: false

  /commander/10.0.0:
    resolution: {integrity: sha512-zS5PnTI22FIRM6ylNW8G4Ap0IEOyk62fhLSD0+uHRT9McRCLGpkVNvao4bjimpK/GShynyQkFFxHhwMcETmduA==}
    engines: {node: '>=14'}
    dev: false

  /create-require/1.1.1:
    resolution: {integrity: sha512-dcKFX3jn0MpIaXjisoRvexIJVEKzaq7z2rZKxf+MSr9TkdmHmsU4m2lcLojrj/FHl8mk5VxMmYA+ftRkP/3oKQ==}

  /delayed-stream/1.0.0:
    resolution: {integrity: sha512-ZySD7Nf91aLB0RxL4KGrKHBXl7Eds1DAmEdcoVawXnLD7SDhpNgtuII2aAkg7a7QS41jxPSZ17p4VdGnMHk3MQ==}
    engines: {node: '>=0.4.0'}
    dev: false

  /diff/4.0.2:
    resolution: {integrity: sha512-58lmxKSA4BNyLz+HHMUzlOEpg09FV+ev6ZMe3vJihgdxzgcwZ8VoEEPmALCZG9LmqfVoNMMKpttIYTVG6uDY7A==}
    engines: {node: '>=0.3.1'}

  /dotenv/16.0.3:
    resolution: {integrity: sha512-7GO6HghkA5fYG9TYnNxi14/7K9f5occMlp3zXAuSxn7CKCxt9xbNWG7yF8hTCSUchlfWSe3uLmlPfigevRItzQ==}
    engines: {node: '>=12'}
    dev: false

  /enquirer/2.3.6:
    resolution: {integrity: sha512-yjNnPr315/FjS4zIsUxYguYUPP2e1NK4d7E7ZOLiyYCcbFBiTMyID+2wvm2w6+pZ/odMA7cRkjhsPbltwBOrLg==}
    engines: {node: '>=8.6'}
    dependencies:
      ansi-colors: 4.1.3
    dev: false

  /esbuild/0.17.4:
    resolution: {integrity: sha512-zBn9MeCwT7W5F1a3lXClD61ip6vQM+H8Msb0w8zMT4ZKBpDg+rFAraNyWCDelB/2L6M3g6AXHPnsyvjMFnxtFw==}
    engines: {node: '>=12'}
    hasBin: true
    requiresBuild: true
    optionalDependencies:
      '@esbuild/android-arm': 0.17.4
      '@esbuild/android-arm64': 0.17.4
      '@esbuild/android-x64': 0.17.4
      '@esbuild/darwin-arm64': 0.17.4
      '@esbuild/darwin-x64': 0.17.4
      '@esbuild/freebsd-arm64': 0.17.4
      '@esbuild/freebsd-x64': 0.17.4
      '@esbuild/linux-arm': 0.17.4
      '@esbuild/linux-arm64': 0.17.4
      '@esbuild/linux-ia32': 0.17.4
      '@esbuild/linux-loong64': 0.17.4
      '@esbuild/linux-mips64el': 0.17.4
      '@esbuild/linux-ppc64': 0.17.4
      '@esbuild/linux-riscv64': 0.17.4
      '@esbuild/linux-s390x': 0.17.4
      '@esbuild/linux-x64': 0.17.4
      '@esbuild/netbsd-x64': 0.17.4
      '@esbuild/openbsd-x64': 0.17.4
      '@esbuild/sunos-x64': 0.17.4
      '@esbuild/win32-arm64': 0.17.4
      '@esbuild/win32-ia32': 0.17.4
      '@esbuild/win32-x64': 0.17.4
    dev: false

  /follow-redirects/1.15.2:
    resolution: {integrity: sha512-VQLG33o04KaQ8uYi2tVNbdrWp1QWxNNea+nmIB4EVM28v0hmP17z7aG1+wAkNzVq4KeXTq3221ye5qTJP91JwA==}
    engines: {node: '>=4.0'}
    peerDependencies:
      debug: '*'
    peerDependenciesMeta:
      debug:
        optional: true
    dev: false

  /form-data/4.0.0:
    resolution: {integrity: sha512-ETEklSGi5t0QMZuiXoA/Q6vcnxcLQP5vdugSpuAyi6SVGi2clPPp+xgEhuMaHC+zGgn31Kd235W35f7Hykkaww==}
    engines: {node: '>= 6'}
    dependencies:
      asynckit: 0.4.0
      combined-stream: 1.0.8
      mime-types: 2.1.35
    dev: false

  /json5/2.2.3:
    resolution: {integrity: sha512-XmOWe7eyHYH14cLdVPoyg+GOH3rYX++KpzrylJwSW98t3Nk+U8XOl8FWKOgwtzdb8lXGf6zYwDUzeHMWfxasyg==}
    engines: {node: '>=6'}
    hasBin: true
    dev: true

  /make-error/1.3.6:
    resolution: {integrity: sha512-s8UhlNe7vPKomQhC1qFelMokr/Sc3AgNbso3n74mVPA5LTZwkB9NlXf4XPamLxJE8h0gh73rM94xvwRT2CVInw==}

  /mime-db/1.52.0:
    resolution: {integrity: sha512-sPU4uV7dYlvtWJxwwxHD0PuihVNiE7TyAbQ5SWxDCB9mUYvOgroQOwYQQOKPJ8CIbE+1ETVlOoK1UC2nU3gYvg==}
    engines: {node: '>= 0.6'}
    dev: false

  /mime-types/2.1.35:
    resolution: {integrity: sha512-ZDY+bPm5zTTF+YpCrAU9nK0UgICYPT0QtT1NZWFv4s++TNkcgVaT0g6+4R2uI4MjQjzysHB1zxuWL50hzaeXiw==}
    engines: {node: '>= 0.6'}
    dependencies:
      mime-db: 1.52.0
    dev: false

  /minimist/1.2.7:
    resolution: {integrity: sha512-bzfL1YUZsP41gmu/qjrEk0Q6i2ix/cVeAhbCbqH9u3zYutS1cLg00qhrD0M2MVdCcx4Sc0UpP2eBWo9rotpq6g==}
    dev: true

  /prettier/2.8.3:
    resolution: {integrity: sha512-tJ/oJ4amDihPoufT5sM0Z1SKEuKay8LfVAMlbbhnnkvt6BUserZylqo2PN+p9KeljLr0OHa2rXHU1T8reeoTrw==}
    engines: {node: '>=10.13.0'}
    hasBin: true
    dev: true

  /proxy-from-env/1.1.0:
    resolution: {integrity: sha512-D+zkORCbA9f1tdWRK0RaCR3GPv50cMxcrz4X8k5LTSUD1Dkw47mKJEZQNunItRTkWwgtaUSo1RVFRIG9ZXiFYg==}
    dev: false

  /rimraf/4.1.1:
    resolution: {integrity: sha512-Z4Y81w8atcvaJuJuBB88VpADRH66okZAuEm+Jtaufa+s7rZmIz+Hik2G53kGaNytE7lsfXyWktTmfVz0H9xuDg==}
    engines: {node: '>=14'}
    hasBin: true
    dev: true

  /strip-bom/3.0.0:
    resolution: {integrity: sha512-vavAMRXOgBVNF6nyEEmL3DBK19iRpDcoIwW+swQ+CbGiu7lju6t+JklA1MHweoWtadgt4ISVUsXLyDq34ddcwA==}
    engines: {node: '>=4'}
    dev: true

  /ts-node/10.9.1_awa2wsr5thmg3i7jqycphctjfq:
    resolution: {integrity: sha512-NtVysVPkxxrwFGUUxGYhfux8k78pQB3JqYBXlLRZgdGUqTO5wU/UyHop5p70iEbGhB7q5KmiZiU0Y3KlJrScEw==}
    hasBin: true
    peerDependencies:
      '@swc/core': '>=1.2.50'
      '@swc/wasm': '>=1.2.50'
      '@types/node': '*'
      typescript: '>=2.7'
    peerDependenciesMeta:
      '@swc/core':
        optional: true
      '@swc/wasm':
        optional: true
    dependencies:
      '@cspotcode/source-map-support': 0.8.1
      '@tsconfig/node10': 1.0.9
      '@tsconfig/node12': 1.0.11
      '@tsconfig/node14': 1.0.3
      '@tsconfig/node16': 1.0.3
      '@types/node': 18.11.18
      acorn: 8.8.1
      acorn-walk: 8.2.0
      arg: 4.1.3
      create-require: 1.1.1
      diff: 4.0.2
      make-error: 1.3.6
      typescript: 4.9.4
      v8-compile-cache-lib: 3.0.1
      yn: 3.1.1

  /tsconfig-paths/4.1.2:
    resolution: {integrity: sha512-uhxiMgnXQp1IR622dUXI+9Ehnws7i/y6xvpZB9IbUVOPy0muvdvgXeZOn88UcGPiT98Vp3rJPTa8bFoalZ3Qhw==}
    engines: {node: '>=6'}
    dependencies:
      json5: 2.2.3
      minimist: 1.2.7
      strip-bom: 3.0.0
    dev: true

  /typescript/4.9.4:
    resolution: {integrity: sha512-Uz+dTXYzxXXbsFpM86Wh3dKCxrQqUcVMxwU54orwlJjOpO3ao8L7j5lH+dWfTwgCwIuM9GQ2kvVotzYJMXTBZg==}
    engines: {node: '>=4.2.0'}
    hasBin: true

  /v8-compile-cache-lib/3.0.1:
    resolution: {integrity: sha512-wa7YjyUGfNZngI/vtK0UHAN+lgDCxBPCylVXGp0zu59Fz5aiGtNXaq3DhIov063MorB+VfufLh3JlF2KdTK3xg==}

  /yn/3.1.1:
    resolution: {integrity: sha512-Ux4ygGWsu2c7isFWe8Yu1YluJmqVhxqK2cLXNQA5AcC3QfbGNpM7fu0Y8b/z16pXLnFxZYvWhd3fhBY9DLmC6Q==}
    engines: {node: '>=6'}

  /zod-validation-error/0.3.0_zod@3.20.2:
    resolution: {integrity: sha512-M0g8+1fgEgz6do82lA90v1IA4WXOK7TxAHqohAPktNJbTacl7tI74JS38AUWJPIJgDjUkhtEuLkUUFl3uhneyA==}
    engines: {node: ^14.17 || >=16.0.0}
    peerDependencies:
      zod: ^3.18.0
    dependencies:
      zod: 3.20.2
    dev: false

  /zod/3.20.2:
    resolution: {integrity: sha512-1MzNQdAvO+54H+EaK5YpyEy0T+Ejo/7YLHS93G3RnYWh5gaotGHwGeN/ZO687qEDU2y4CdStQYXVHIgrUl5UVQ==}
    dev: false
